
Microsoft Visual Studio Solution File, Format Version 12.00
# Visual Studio Version 16
VisualStudioVersion = 16.0.30114.128
MinimumVisualStudioVersion = 10.0.40219.1
Project("{FAE04EC0-301F-11D3-BF4B-00C04F79EFBC}") = "OpenTrans.net-Test", "OpenTrans.net-Test.csproj", "{0BECF75C-4D1F-45D8-8B83-526CBA8D7AFB}"
EndProject
Project("{9A19103F-16F7-4668-BE54-9A1E7A4F7556}") = "OpenTrans.net", "..\OpenTrans.net\OpenTrans.net.csproj", "{6331B5D4-43AB-4209-A575-00CA39020C90}"
EndProject
Global
	GlobalSection(SolutionConfigurationPlatforms) = preSolution
		Debug|Any CPU = Debug|Any CPU
		Release|Any CPU = Release|Any CPU
	EndGlobalSection
	GlobalSection(ProjectConfigurationPlatforms) = postSolution
		{0BECF75C-4D1F-45D8-8B83-526CBA8D7AFB}.Debug|Any CPU.ActiveCfg = Debug|Any CPU
		{0BECF75C-4D1F-45D8-8B83-526CBA8D7AFB}.Debug|Any CPU.Build.0 = Debug|Any CPU
		{0BECF75C-4D1F-45D8-8B83-526CBA8D7AFB}.Release|Any CPU.ActiveCfg = Release|Any CPU
		{0BECF75C-4D1F-45D8-8B83-526CBA8D7AFB}.Release|Any CPU.Build.0 = Release|Any CPU
		{6331B5D4-43AB-4209-A575-00CA39020C90}.Debug|Any CPU.ActiveCfg = Debug|Any CPU
		{6331B5D4-43AB-4209-A575-00CA39020C90}.Debug|Any CPU.Build.0 = Debug|Any CPU
		{6331B5D4-43AB-4209-A575-00CA39020C90}.Release|Any CPU.ActiveCfg = Release|Any CPU
		{6331B5D4-43AB-4209-A575-00CA39020C90}.Release|Any CPU.Build.0 = Release|Any CPU
	EndGlobalSection
	GlobalSection(SolutionProperties) = preSolution
		HideSolutionNode = FALSE
	EndGlobalSection
	GlobalSection(ExtensibilityGlobals) = postSolution
		SolutionGuid = {62B893F5-6B03-41BD-ABF4-9BA7ADFDB330}
	EndGlobalSection
EndGlobal
