
Microsoft Visual Studio Solution File, Format Version 12.00
# Visual Studio Version 16
VisualStudioVersion = 16.0.30114.128
MinimumVisualStudioVersion = 10.0.40219.1
Project("{FAE04EC0-301F-11D3-BF4B-00C04F79EFBC}") = "OpenTrans.net", "OpenTrans.net.csproj", "{CE2C36C0-C596-4FFB-ACBA-20D1A89DEC42}"
EndProject
Global
	GlobalSection(SolutionConfigurationPlatforms) = preSolution
		Debug|Any CPU = Debug|Any CPU
		Release|Any CPU = Release|Any CPU
	EndGlobalSection
	GlobalSection(ProjectConfigurationPlatforms) = postSolution
		{CE2C36C0-C596-4FFB-ACBA-20D1A89DEC42}.Debug|Any CPU.ActiveCfg = Debug|Any CPU
		{CE2C36C0-C596-4FFB-ACBA-20D1A89DEC42}.Debug|Any CPU.Build.0 = Debug|Any CPU
		{CE2C36C0-C596-4FFB-ACBA-20D1A89DEC42}.Release|Any CPU.ActiveCfg = Release|Any CPU
		{CE2C36C0-C596-4FFB-ACBA-20D1A89DEC42}.Release|Any CPU.Build.0 = Release|Any CPU
	EndGlobalSection
	GlobalSection(SolutionProperties) = preSolution
		HideSolutionNode = FALSE
	EndGlobalSection
	GlobalSection(ExtensibilityGlobals) = postSolution
		SolutionGuid = {C30F0BB6-8734-4207-9587-A899CB7791BF}
	EndGlobalSection
EndGlobal
